// !$*UTF8*$!
{
	archiveVersion = 1;
	classes = {
	};
	objectVersion = 46;
	objects = {

/* Begin PBXBuildFile section */
		0207DA581B56EA530066E2B4 /* Images.xcassets in Resources */ = {isa = PBXBuildFile; fileRef = 0207DA571B56EA530066E2B4 /* Images.xcassets */; };
		0C66C44A21934C67A610AB35 /* CDVContact.m in Sources */ = {isa = PBXBuildFile; fileRef = 5FE97DE02ED1461C846975E0 /* CDVContact.m */; };
		1166D4462221414F832E38F1 /* appbeep.wav in Resources */ = {isa = PBXBuildFile; fileRef = 57C02D6D1C5845F79F088393 /* appbeep.wav */; };
		1AC0981C6D5B42CF856B9E4F /* AddressBook.framework in Frameworks */ = {isa = PBXBuildFile; fileRef = 8DA3133045ED46B2937B33AA /* AddressBook.framework */; settings = {ATTRIBUTES = (Weak, ); }; };
		1D3623260D0F684500981E51 /* AppDelegate.m in Sources */ = {isa = PBXBuildFile; fileRef = 1D3623250D0F684500981E51 /* AppDelegate.m */; };
		1D60589B0D05DD56006BFB54 /* main.m in Sources */ = {isa = PBXBuildFile; fileRef = 29B97316FDCFA39411CA2CEA /* main.m */; };
		2D444B7DB444448D825DA53C /* CDVBattery.m in Sources */ = {isa = PBXBuildFile; fileRef = 39A58EC8DF8646D395E5F215 /* CDVBattery.m */; };
		3017955003C043F2BF4376E4 /* CDVFile.m in Sources */ = {isa = PBXBuildFile; fileRef = E084D8CE24374BC1A153C400 /* CDVFile.m */; };
		301BF552109A68D80062928A /* libCordova.a in Frameworks */ = {isa = PBXBuildFile; fileRef = 301BF535109A57CC0062928A /* libCordova.a */; };
		302D95F114D2391D003F00A1 /* MainViewController.m in Sources */ = {isa = PBXBuildFile; fileRef = 302D95EF14D2391D003F00A1 /* MainViewController.m */; };
		302D95F214D2391D003F00A1 /* MainViewController.xib in Resources */ = {isa = PBXBuildFile; fileRef = 302D95F014D2391D003F00A1 /* MainViewController.xib */; };
		324F21368A094232A138E125 /* CDVGlobalization.m in Sources */ = {isa = PBXBuildFile; fileRef = 1725F4A707FB424BBC0021E3 /* CDVGlobalization.m */; };
		42FA2C53C7FC41FAA64AC987 /* AppDelegate+APPRegisterUserNotificationSettings.m in Sources */ = {isa = PBXBuildFile; fileRef = 76D31971479F4DCA8CEE480B /* AppDelegate+APPRegisterUserNotificationSettings.m */; };
		4453281028B04AD9B739DAFD /* CoreTelephony.framework in Frameworks */ = {isa = PBXBuildFile; fileRef = 5D3AD2E14E8242A3B8381F9B /* CoreTelephony.framework */; };
		44BAAD4F66A84C3B97E1C86F /* CDVLocation.m in Sources */ = {isa = PBXBuildFile; fileRef = 350B63905AB544F5991E3B56 /* CDVLocation.m */; };
		48C26667E58A483A9CD0B51A /* CDVContacts.m in Sources */ = {isa = PBXBuildFile; fileRef = E81E55B729E247E88CEE62A9 /* CDVContacts.m */; };
		511204B79F934DDD90DF0D6E /* CDVCompass.m in Sources */ = {isa = PBXBuildFile; fileRef = 7353D192B79F48B2B01A6CDD /* CDVCompass.m */; };
		5A97AB23C7B342418CC517C9 /* CDVLogger.m in Sources */ = {isa = PBXBuildFile; fileRef = C24555AE90494467B927ED43 /* CDVLogger.m */; };
		6369DF50DB8F47A7B04CD339 /* SystemConfiguration.framework in Frameworks */ = {isa = PBXBuildFile; fileRef = 17A80CBFA4764B04830960B8 /* SystemConfiguration.framework */; settings = {ATTRIBUTES = (Weak, ); }; };
		65C5AF57B4BC4C898A802349 /* EVOBLE.m in Sources */ = {isa = PBXBuildFile; fileRef = 79C451F539384F7BB569E150 /* EVOBLE.m */; };
		6EEEA27A963A4AA6B28BCA1F /* CDVAssetLibraryFilesystem.m in Sources */ = {isa = PBXBuildFile; fileRef = E630CEA8811A499299430CE5 /* CDVAssetLibraryFilesystem.m */; };
		7E3CA9A00B2647268D20B4D6 /* BLE.m in Sources */ = {isa = PBXBuildFile; fileRef = F23106B0244043E7B40C576C /* BLE.m */; };
		81F311773997469AA53174A2 /* CDVVibration.m in Sources */ = {isa = PBXBuildFile; fileRef = FA977F00397245B7B4493103 /* CDVVibration.m */; };
		870F9481DEC34269B998EAFB /* CoreLocation.framework in Frameworks */ = {isa = PBXBuildFile; fileRef = 6EFA71E7D01A4419B526884C /* CoreLocation.framework */; };
		913F402D6C4243D58E0C4E00 /* CDVDevice.m in Sources */ = {isa = PBXBuildFile; fileRef = 3D8C319EB6264149A5F405A3 /* CDVDevice.m */; };
		A5F0D08526654592A179667D /* CoreMotion.framework in Frameworks */ = {isa = PBXBuildFile; fileRef = 2C76395C071945FB8DA13944 /* CoreMotion.framework */; };
		AB516C9D0C1044A383886086 /* APPBackgroundMode.m in Sources */ = {isa = PBXBuildFile; fileRef = 82A0825E59DF408C84242A24 /* APPBackgroundMode.m */; };
		B1103B21584944D68DDAD9BB /* CDVReachability.m in Sources */ = {isa = PBXBuildFile; fileRef = C9661AC73C784A51B6DE819D /* CDVReachability.m */; };
		B2E44282D44E496FB14433DA /* CDVAccelerometer.m in Sources */ = {isa = PBXBuildFile; fileRef = 8BECC284FC2C4DB7B9D4F8F7 /* CDVAccelerometer.m */; };
		B77140E3B20C4593BD67EEF4 /* AudioToolbox.framework in Frameworks */ = {isa = PBXBuildFile; fileRef = B3F288251B994AC198C4E47C /* AudioToolbox.framework */; settings = {ATTRIBUTES = (Weak, ); }; };
		B7E4DF326262430BBD289225 /* AddressBookUI.framework in Frameworks */ = {isa = PBXBuildFile; fileRef = FCE618CFCD4940C2904A9550 /* AddressBookUI.framework */; settings = {ATTRIBUTES = (Weak, ); }; };
		C12F638AA58F4E5C83F4DA81 /* CoreBluetooth.framework in Frameworks */ = {isa = PBXBuildFile; fileRef = 611D27040BA446DDACE42F44 /* CoreBluetooth.framework */; };
		CEAD232CCC954453B1095D0D /* CDVFileTransfer.m in Sources */ = {isa = PBXBuildFile; fileRef = A5BAC8FEAE8844FCB7B292A3 /* CDVFileTransfer.m */; };
		D415BB2426924139AD7EA928 /* CDVNotification.m in Sources */ = {isa = PBXBuildFile; fileRef = C4EBDABE64F0458B984A5E13 /* CDVNotification.m */; };
		DDE92962C2FF445F89A1586B /* Diagnostic.m in Sources */ = {isa = PBXBuildFile; fileRef = 09F488691F944CCFA57C3109 /* Diagnostic.m */; };
		EB529A843CC24422BDF863AC /* CDVLocalFilesystem.m in Sources */ = {isa = PBXBuildFile; fileRef = FEAEEF8A286247E2AC7A8B7A /* CDVLocalFilesystem.m */; };
		F238595EBCF54C6F988F92E3 /* CDVConnection.m in Sources */ = {isa = PBXBuildFile; fileRef = A44A1BB527D849AF9F1DF2D1 /* CDVConnection.m */; };
		F5CFBECA45FF479299C7D7FF /* MEGBluetoothSerial.m in Sources */ = {isa = PBXBuildFile; fileRef = 0A757F4E89B84280898F8301 /* MEGBluetoothSerial.m */; };
		FD29330A0B154F7899742C87 /* CBPeripheral+BTSExtensions.m in Sources */ = {isa = PBXBuildFile; fileRef = 13E3C9459EAD4666914A16F9 /* CBPeripheral+BTSExtensions.m */; };
		FF84B423BEAC43C38416924C /* CDVNotification.bundle in Resources */ = {isa = PBXBuildFile; fileRef = 1AC5B6D5D3BB472BB6EEF128 /* CDVNotification.bundle */; };
/* End PBXBuildFile section */

/* Begin PBXContainerItemProxy section */
		301BF534109A57CC0062928A /* PBXContainerItemProxy */ = {
			isa = PBXContainerItemProxy;
			containerPortal = 301BF52D109A57CC0062928A /* CordovaLib.xcodeproj */;
			proxyType = 2;
			remoteGlobalIDString = D2AAC07E0554694100DB518D;
			remoteInfo = CordovaLib;
		};
		301BF550109A68C00062928A /* PBXContainerItemProxy */ = {
			isa = PBXContainerItemProxy;
			containerPortal = 301BF52D109A57CC0062928A /* CordovaLib.xcodeproj */;
			proxyType = 1;
			remoteGlobalIDString = D2AAC07D0554694100DB518D;
			remoteInfo = CordovaLib;
		};
/* End PBXContainerItemProxy section */

/* Begin PBXFileReference section */
		0207DA571B56EA530066E2B4 /* Images.xcassets */ = {isa = PBXFileReference; lastKnownFileType = folder.assetcatalog; name = Images.xcassets; path = WearON/Images.xcassets; sourceTree = SOURCE_ROOT; };
		09F488691F944CCFA57C3109 /* Diagnostic.m */ = {isa = PBXFileReference; explicitFileType = undefined; fileEncoding = 4; includeInIndex = 0; lastKnownFileType = sourcecode.c.objc; name = Diagnostic.m; path = cordova.plugins.diagnostic/Diagnostic.m; sourceTree = "<group>"; };
		0A757F4E89B84280898F8301 /* MEGBluetoothSerial.m */ = {isa = PBXFileReference; explicitFileType = undefined; fileEncoding = 4; includeInIndex = 0; lastKnownFileType = sourcecode.c.objc; name = MEGBluetoothSerial.m; path = "cordova-plugin-bluetooth-serial/BluetoothSerial/MEGBluetoothSerial.m"; sourceTree = "<group>"; };
		10EA7AE67A0249F9BCA4FEC3 /* BLE.h */ = {isa = PBXFileReference; explicitFileType = undefined; fileEncoding = 4; includeInIndex = 0; lastKnownFileType = sourcecode.c.h; name = BLE.h; path = "cordova-plugin-bluetooth-serial/BluetoothSerial/BLE.h"; sourceTree = "<group>"; };
		11C2F5D282E14B139F6AACB0 /* EVOBLE.h */ = {isa = PBXFileReference; explicitFileType = undefined; fileEncoding = 4; includeInIndex = 0; lastKnownFileType = sourcecode.c.h; name = EVOBLE.h; path = "cordova-plugin-ble/EVOBLE.h"; sourceTree = "<group>"; };
		121437565A3543839A454C79 /* CDVNotification.h */ = {isa = PBXFileReference; explicitFileType = undefined; fileEncoding = 4; includeInIndex = 0; lastKnownFileType = sourcecode.c.h; name = CDVNotification.h; path = "cordova-plugin-dialogs/CDVNotification.h"; sourceTree = "<group>"; };
		13E3C9459EAD4666914A16F9 /* CBPeripheral+BTSExtensions.m */ = {isa = PBXFileReference; explicitFileType = undefined; fileEncoding = 4; includeInIndex = 0; lastKnownFileType = sourcecode.c.objc; name = "CBPeripheral+BTSExtensions.m"; path = "cordova-plugin-bluetooth-serial/BluetoothSerial/CBPeripheral+BTSExtensions.m"; sourceTree = "<group>"; };
		1725F4A707FB424BBC0021E3 /* CDVGlobalization.m */ = {isa = PBXFileReference; explicitFileType = undefined; fileEncoding = 4; includeInIndex = 0; lastKnownFileType = sourcecode.c.objc; name = CDVGlobalization.m; path = "cordova-plugin-globalization/CDVGlobalization.m"; sourceTree = "<group>"; };
		17A80CBFA4764B04830960B8 /* SystemConfiguration.framework */ = {isa = PBXFileReference; explicitFileType = undefined; fileEncoding = 9; includeInIndex = 0; lastKnownFileType = wrapper.framework; name = SystemConfiguration.framework; path = System/Library/Frameworks/SystemConfiguration.framework; sourceTree = SDKROOT; };
		1AC5B6D5D3BB472BB6EEF128 /* CDVNotification.bundle */ = {isa = PBXFileReference; explicitFileType = undefined; fileEncoding = 9; includeInIndex = 0; lastKnownFileType = "wrapper.plug-in"; path = CDVNotification.bundle; sourceTree = "<group>"; };
		1D3623240D0F684500981E51 /* AppDelegate.h */ = {isa = PBXFileReference; fileEncoding = 4; lastKnownFileType = sourcecode.c.h; path = AppDelegate.h; sourceTree = "<group>"; };
		1D3623250D0F684500981E51 /* AppDelegate.m */ = {isa = PBXFileReference; fileEncoding = 4; lastKnownFileType = sourcecode.c.objc; path = AppDelegate.m; sourceTree = "<group>"; };
		1D6058910D05DD3D006BFB54 /* WearON.app */ = {isa = PBXFileReference; explicitFileType = wrapper.application; includeInIndex = 0; path = WearON.app; sourceTree = BUILT_PRODUCTS_DIR; };
		1FBAE012F17D4925855D8B64 /* CDVLocation.h */ = {isa = PBXFileReference; explicitFileType = undefined; fileEncoding = 4; includeInIndex = 0; lastKnownFileType = sourcecode.c.h; name = CDVLocation.h; path = "cordova-plugin-geolocation/CDVLocation.h"; sourceTree = "<group>"; };
		216FC105B1884870B9BE3059 /* AppDelegate+APPRegisterUserNotificationSettings.h */ = {isa = PBXFileReference; explicitFileType = undefined; fileEncoding = 4; includeInIndex = 0; lastKnownFileType = sourcecode.c.h; name = "AppDelegate+APPRegisterUserNotificationSettings.h"; path = "de.appplant.cordova.common.registerusernotificationsettings/AppDelegate+APPRegisterUserNotificationSettings.h"; sourceTree = "<group>"; };
		244A918BF7F3479D91B839AB /* CDVLocalFilesystem.h */ = {isa = PBXFileReference; explicitFileType = undefined; fileEncoding = 4; includeInIndex = 0; lastKnownFileType = sourcecode.c.h; name = CDVLocalFilesystem.h; path = "cordova-plugin-file/CDVLocalFilesystem.h"; sourceTree = "<group>"; };
		29B97316FDCFA39411CA2CEA /* main.m */ = {isa = PBXFileReference; fileEncoding = 4; lastKnownFileType = sourcecode.c.objc; path = main.m; sourceTree = "<group>"; };
		2C76395C071945FB8DA13944 /* CoreMotion.framework */ = {isa = PBXFileReference; explicitFileType = undefined; fileEncoding = 9; includeInIndex = 0; lastKnownFileType = wrapper.framework; name = CoreMotion.framework; path = System/Library/Frameworks/CoreMotion.framework; sourceTree = SDKROOT; };
		301BF52D109A57CC0062928A /* CordovaLib.xcodeproj */ = {isa = PBXFileReference; lastKnownFileType = "wrapper.pb-project"; name = CordovaLib.xcodeproj; path = CordovaLib/CordovaLib.xcodeproj; sourceTree = "<group>"; };
		301BF56E109A69640062928A /* www */ = {isa = PBXFileReference; lastKnownFileType = folder; path = www; sourceTree = SOURCE_ROOT; };
		302D95EE14D2391D003F00A1 /* MainViewController.h */ = {isa = PBXFileReference; fileEncoding = 4; lastKnownFileType = sourcecode.c.h; path = MainViewController.h; sourceTree = "<group>"; };
		302D95EF14D2391D003F00A1 /* MainViewController.m */ = {isa = PBXFileReference; fileEncoding = 4; lastKnownFileType = sourcecode.c.objc; path = MainViewController.m; sourceTree = "<group>"; };
		302D95F014D2391D003F00A1 /* MainViewController.xib */ = {isa = PBXFileReference; fileEncoding = 4; lastKnownFileType = file.xib; path = MainViewController.xib; sourceTree = "<group>"; };
		3047A50F1AB8059700498E2A /* build-debug.xcconfig */ = {isa = PBXFileReference; fileEncoding = 4; lastKnownFileType = text.xcconfig; name = "build-debug.xcconfig"; path = "cordova/build-debug.xcconfig"; sourceTree = SOURCE_ROOT; };
		3047A5101AB8059700498E2A /* build-release.xcconfig */ = {isa = PBXFileReference; fileEncoding = 4; lastKnownFileType = text.xcconfig; name = "build-release.xcconfig"; path = "cordova/build-release.xcconfig"; sourceTree = SOURCE_ROOT; };
		3047A5111AB8059700498E2A /* build.xcconfig */ = {isa = PBXFileReference; fileEncoding = 4; lastKnownFileType = text.xcconfig; name = build.xcconfig; path = cordova/build.xcconfig; sourceTree = SOURCE_ROOT; };
		32CA4F630368D1EE00C91783 /* WearON-Prefix.pch */ = {isa = PBXFileReference; fileEncoding = 4; lastKnownFileType = sourcecode.c.h; path = "WearON-Prefix.pch"; sourceTree = "<group>"; };
		350B63905AB544F5991E3B56 /* CDVLocation.m */ = {isa = PBXFileReference; explicitFileType = undefined; fileEncoding = 4; includeInIndex = 0; lastKnownFileType = sourcecode.c.objc; name = CDVLocation.m; path = "cordova-plugin-geolocation/CDVLocation.m"; sourceTree = "<group>"; };
		39A58EC8DF8646D395E5F215 /* CDVBattery.m */ = {isa = PBXFileReference; explicitFileType = undefined; fileEncoding = 4; includeInIndex = 0; lastKnownFileType = sourcecode.c.objc; name = CDVBattery.m; path = "cordova-plugin-battery-status/CDVBattery.m"; sourceTree = "<group>"; };
		3D8C319EB6264149A5F405A3 /* CDVDevice.m */ = {isa = PBXFileReference; explicitFileType = undefined; fileEncoding = 4; includeInIndex = 0; lastKnownFileType = sourcecode.c.objc; name = CDVDevice.m; path = org.apache.cordova.device/CDVDevice.m; sourceTree = "<group>"; };
		504E265B1E3B47FA9B9EF9F0 /* CDVGlobalization.h */ = {isa = PBXFileReference; explicitFileType = undefined; fileEncoding = 4; includeInIndex = 0; lastKnownFileType = sourcecode.c.h; name = CDVGlobalization.h; path = "cordova-plugin-globalization/CDVGlobalization.h"; sourceTree = "<group>"; };
		5236EEA5936248C9AEA81F2E /* CDVVibration.h */ = {isa = PBXFileReference; explicitFileType = undefined; fileEncoding = 4; includeInIndex = 0; lastKnownFileType = sourcecode.c.h; name = CDVVibration.h; path = "cordova-plugin-vibration/CDVVibration.h"; sourceTree = "<group>"; };
		53186CD2F7B945058C2D3285 /* CDVCompass.h */ = {isa = PBXFileReference; explicitFileType = undefined; fileEncoding = 4; includeInIndex = 0; lastKnownFileType = sourcecode.c.h; name = CDVCompass.h; path = "cordova-plugin-device-orientation/CDVCompass.h"; sourceTree = "<group>"; };
		57C02D6D1C5845F79F088393 /* appbeep.wav */ = {isa = PBXFileReference; explicitFileType = undefined; fileEncoding = 9; includeInIndex = 0; lastKnownFileType = unknown; path = appbeep.wav; sourceTree = "<group>"; };
		5819836EB4EC45E38A94C2DC /* CDVBattery.h */ = {isa = PBXFileReference; explicitFileType = undefined; fileEncoding = 4; includeInIndex = 0; lastKnownFileType = sourcecode.c.h; name = CDVBattery.h; path = "cordova-plugin-battery-status/CDVBattery.h"; sourceTree = "<group>"; };
		5BAAD215E26B4813944E66BC /* Diagnostic.h */ = {isa = PBXFileReference; explicitFileType = undefined; fileEncoding = 4; includeInIndex = 0; lastKnownFileType = sourcecode.c.h; name = Diagnostic.h; path = cordova.plugins.diagnostic/Diagnostic.h; sourceTree = "<group>"; };
		5D3AD2E14E8242A3B8381F9B /* CoreTelephony.framework */ = {isa = PBXFileReference; explicitFileType = undefined; fileEncoding = 9; includeInIndex = 0; lastKnownFileType = wrapper.framework; name = CoreTelephony.framework; path = System/Library/Frameworks/CoreTelephony.framework; sourceTree = SDKROOT; };
		5F07B0AF6815430EA68FEE23 /* CDVAccelerometer.h */ = {isa = PBXFileReference; explicitFileType = undefined; fileEncoding = 4; includeInIndex = 0; lastKnownFileType = sourcecode.c.h; name = CDVAccelerometer.h; path = "cordova-plugin-device-motion/CDVAccelerometer.h"; sourceTree = "<group>"; };
		5FE97DE02ED1461C846975E0 /* CDVContact.m */ = {isa = PBXFileReference; explicitFileType = undefined; fileEncoding = 4; includeInIndex = 0; lastKnownFileType = sourcecode.c.objc; name = CDVContact.m; path = "cordova-plugin-contacts/CDVContact.m"; sourceTree = "<group>"; };
		611D27040BA446DDACE42F44 /* CoreBluetooth.framework */ = {isa = PBXFileReference; explicitFileType = undefined; fileEncoding = 9; includeInIndex = 0; lastKnownFileType = wrapper.framework; name = CoreBluetooth.framework; path = System/Library/Frameworks/CoreBluetooth.framework; sourceTree = SDKROOT; };
		66A7C2A2F73944DA84A67E3E /* CDVFileTransfer.h */ = {isa = PBXFileReference; explicitFileType = undefined; fileEncoding = 4; includeInIndex = 0; lastKnownFileType = sourcecode.c.h; name = CDVFileTransfer.h; path = "cordova-plugin-file-transfer/CDVFileTransfer.h"; sourceTree = "<group>"; };
		6823F6B016184BA29DC29B5D /* BLEDefines.h */ = {isa = PBXFileReference; explicitFileType = undefined; fileEncoding = 4; includeInIndex = 0; lastKnownFileType = sourcecode.c.h; name = BLEDefines.h; path = "cordova-plugin-bluetooth-serial/BluetoothSerial/BLEDefines.h"; sourceTree = "<group>"; };
		6C750030EB1D4F0789D3DB92 /* CDVReachability.h */ = {isa = PBXFileReference; explicitFileType = undefined; fileEncoding = 4; includeInIndex = 0; lastKnownFileType = sourcecode.c.h; name = CDVReachability.h; path = "cordova-plugin-network-information/CDVReachability.h"; sourceTree = "<group>"; };
		6EFA71E7D01A4419B526884C /* CoreLocation.framework */ = {isa = PBXFileReference; explicitFileType = undefined; fileEncoding = 9; includeInIndex = 0; lastKnownFileType = wrapper.framework; name = CoreLocation.framework; path = System/Library/Frameworks/CoreLocation.framework; sourceTree = SDKROOT; };
		7353D192B79F48B2B01A6CDD /* CDVCompass.m */ = {isa = PBXFileReference; explicitFileType = undefined; fileEncoding = 4; includeInIndex = 0; lastKnownFileType = sourcecode.c.objc; name = CDVCompass.m; path = "cordova-plugin-device-orientation/CDVCompass.m"; sourceTree = "<group>"; };
		76D31971479F4DCA8CEE480B /* AppDelegate+APPRegisterUserNotificationSettings.m */ = {isa = PBXFileReference; explicitFileType = undefined; fileEncoding = 4; includeInIndex = 0; lastKnownFileType = sourcecode.c.objc; name = "AppDelegate+APPRegisterUserNotificationSettings.m"; path = "de.appplant.cordova.common.registerusernotificationsettings/AppDelegate+APPRegisterUserNotificationSettings.m"; sourceTree = "<group>"; };
		79C451F539384F7BB569E150 /* EVOBLE.m */ = {isa = PBXFileReference; explicitFileType = undefined; fileEncoding = 4; includeInIndex = 0; lastKnownFileType = sourcecode.c.objc; name = EVOBLE.m; path = "cordova-plugin-ble/EVOBLE.m"; sourceTree = "<group>"; };
		82A0825E59DF408C84242A24 /* APPBackgroundMode.m */ = {isa = PBXFileReference; explicitFileType = undefined; fileEncoding = 4; includeInIndex = 0; lastKnownFileType = sourcecode.c.objc; name = APPBackgroundMode.m; path = "de.appplant.cordova.plugin.background-mode/APPBackgroundMode.m"; sourceTree = "<group>"; };
		8BECC284FC2C4DB7B9D4F8F7 /* CDVAccelerometer.m */ = {isa = PBXFileReference; explicitFileType = undefined; fileEncoding = 4; includeInIndex = 0; lastKnownFileType = sourcecode.c.objc; name = CDVAccelerometer.m; path = "cordova-plugin-device-motion/CDVAccelerometer.m"; sourceTree = "<group>"; };
		8D1107310486CEB800E47090 /* WearON-Info.plist */ = {isa = PBXFileReference; fileEncoding = 4; lastKnownFileType = text.plist.xml; name = "WearON-Info.plist"; path = "WearON/WearON-Info.plist"; plistStructureDefinitionIdentifier = "com.apple.xcode.plist.structure-definition.iphone.info-plist"; sourceTree = SOURCE_ROOT; };
		8DA3133045ED46B2937B33AA /* AddressBook.framework */ = {isa = PBXFileReference; explicitFileType = undefined; fileEncoding = 9; includeInIndex = 0; lastKnownFileType = wrapper.framework; name = AddressBook.framework; path = System/Library/Frameworks/AddressBook.framework; sourceTree = SDKROOT; };
		8FAF596F02BC451E86577360 /* CDVDevice.h */ = {isa = PBXFileReference; explicitFileType = undefined; fileEncoding = 4; includeInIndex = 0; lastKnownFileType = sourcecode.c.h; name = CDVDevice.h; path = org.apache.cordova.device/CDVDevice.h; sourceTree = "<group>"; };
		91B7F1D3D1A34D8CACB3585E /* CBPeripheral+BTSExtensions.h */ = {isa = PBXFileReference; explicitFileType = undefined; fileEncoding = 4; includeInIndex = 0; lastKnownFileType = sourcecode.c.h; name = "CBPeripheral+BTSExtensions.h"; path = "cordova-plugin-bluetooth-serial/BluetoothSerial/CBPeripheral+BTSExtensions.h"; sourceTree = "<group>"; };
		A44A1BB527D849AF9F1DF2D1 /* CDVConnection.m */ = {isa = PBXFileReference; explicitFileType = undefined; fileEncoding = 4; includeInIndex = 0; lastKnownFileType = sourcecode.c.objc; name = CDVConnection.m; path = "cordova-plugin-network-information/CDVConnection.m"; sourceTree = "<group>"; };
		A4E3E74BD09D44BDB8DC6448 /* CDVContacts.h */ = {isa = PBXFileReference; explicitFileType = undefined; fileEncoding = 4; includeInIndex = 0; lastKnownFileType = sourcecode.c.h; name = CDVContacts.h; path = "cordova-plugin-contacts/CDVContacts.h"; sourceTree = "<group>"; };
		A5BAC8FEAE8844FCB7B292A3 /* CDVFileTransfer.m */ = {isa = PBXFileReference; explicitFileType = undefined; fileEncoding = 4; includeInIndex = 0; lastKnownFileType = sourcecode.c.objc; name = CDVFileTransfer.m; path = "cordova-plugin-file-transfer/CDVFileTransfer.m"; sourceTree = "<group>"; };
		B1FC960A39E34BA39F0E306B /* CDVFile.h */ = {isa = PBXFileReference; explicitFileType = undefined; fileEncoding = 4; includeInIndex = 0; lastKnownFileType = sourcecode.c.h; name = CDVFile.h; path = "cordova-plugin-file/CDVFile.h"; sourceTree = "<group>"; };
		B3F288251B994AC198C4E47C /* AudioToolbox.framework */ = {isa = PBXFileReference; explicitFileType = undefined; fileEncoding = 9; includeInIndex = 0; lastKnownFileType = wrapper.framework; name = AudioToolbox.framework; path = System/Library/Frameworks/AudioToolbox.framework; sourceTree = SDKROOT; };
		BAA0E1B742414CB69D46DF16 /* CDVLogger.h */ = {isa = PBXFileReference; explicitFileType = undefined; fileEncoding = 4; includeInIndex = 0; lastKnownFileType = sourcecode.c.h; name = CDVLogger.h; path = "cordova-plugin-console/CDVLogger.h"; sourceTree = "<group>"; };
		BBA70BF1A76043AF9E80B476 /* MEGBluetoothSerial.h */ = {isa = PBXFileReference; explicitFileType = undefined; fileEncoding = 4; includeInIndex = 0; lastKnownFileType = sourcecode.c.h; name = MEGBluetoothSerial.h; path = "cordova-plugin-bluetooth-serial/BluetoothSerial/MEGBluetoothSerial.h"; sourceTree = "<group>"; };
		C24555AE90494467B927ED43 /* CDVLogger.m */ = {isa = PBXFileReference; explicitFileType = undefined; fileEncoding = 4; includeInIndex = 0; lastKnownFileType = sourcecode.c.objc; name = CDVLogger.m; path = "cordova-plugin-console/CDVLogger.m"; sourceTree = "<group>"; };
		C45BB9D5C83249B58FCE2D3D /* CDVContact.h */ = {isa = PBXFileReference; explicitFileType = undefined; fileEncoding = 4; includeInIndex = 0; lastKnownFileType = sourcecode.c.h; name = CDVContact.h; path = "cordova-plugin-contacts/CDVContact.h"; sourceTree = "<group>"; };
		C4EBDABE64F0458B984A5E13 /* CDVNotification.m */ = {isa = PBXFileReference; explicitFileType = undefined; fileEncoding = 4; includeInIndex = 0; lastKnownFileType = sourcecode.c.objc; name = CDVNotification.m; path = "cordova-plugin-dialogs/CDVNotification.m"; sourceTree = "<group>"; };
		C8BA2B734E834B68B9EE7AA5 /* APPBackgroundMode.h */ = {isa = PBXFileReference; explicitFileType = undefined; fileEncoding = 4; includeInIndex = 0; lastKnownFileType = sourcecode.c.h; name = APPBackgroundMode.h; path = "de.appplant.cordova.plugin.background-mode/APPBackgroundMode.h"; sourceTree = "<group>"; };
		C9661AC73C784A51B6DE819D /* CDVReachability.m */ = {isa = PBXFileReference; explicitFileType = undefined; fileEncoding = 4; includeInIndex = 0; lastKnownFileType = sourcecode.c.objc; name = CDVReachability.m; path = "cordova-plugin-network-information/CDVReachability.m"; sourceTree = "<group>"; };
		C9B117BE63C446E5879864CB /* CDVConnection.h */ = {isa = PBXFileReference; explicitFileType = undefined; fileEncoding = 4; includeInIndex = 0; lastKnownFileType = sourcecode.c.h; name = CDVConnection.h; path = "cordova-plugin-network-information/CDVConnection.h"; sourceTree = "<group>"; };
		DA0FB222DF714D44B0627867 /* CDVAssetLibraryFilesystem.h */ = {isa = PBXFileReference; explicitFileType = undefined; fileEncoding = 4; includeInIndex = 0; lastKnownFileType = sourcecode.c.h; name = CDVAssetLibraryFilesystem.h; path = "cordova-plugin-file/CDVAssetLibraryFilesystem.h"; sourceTree = "<group>"; };
		E084D8CE24374BC1A153C400 /* CDVFile.m */ = {isa = PBXFileReference; explicitFileType = undefined; fileEncoding = 4; includeInIndex = 0; lastKnownFileType = sourcecode.c.objc; name = CDVFile.m; path = "cordova-plugin-file/CDVFile.m"; sourceTree = "<group>"; };
		E630CEA8811A499299430CE5 /* CDVAssetLibraryFilesystem.m */ = {isa = PBXFileReference; explicitFileType = undefined; fileEncoding = 4; includeInIndex = 0; lastKnownFileType = sourcecode.c.objc; name = CDVAssetLibraryFilesystem.m; path = "cordova-plugin-file/CDVAssetLibraryFilesystem.m"; sourceTree = "<group>"; };
		E81E55B729E247E88CEE62A9 /* CDVContacts.m */ = {isa = PBXFileReference; explicitFileType = undefined; fileEncoding = 4; includeInIndex = 0; lastKnownFileType = sourcecode.c.objc; name = CDVContacts.m; path = "cordova-plugin-contacts/CDVContacts.m"; sourceTree = "<group>"; };
		EB87FDF31871DA8E0020F90C /* www */ = {isa = PBXFileReference; lastKnownFileType = folder; name = www; path = ../../www; sourceTree = "<group>"; };
		EB87FDF41871DAF40020F90C /* config.xml */ = {isa = PBXFileReference; lastKnownFileType = text.xml; name = config.xml; path = ../../config.xml; sourceTree = "<group>"; };
		ED33DF2A687741AEAF9F8254 /* Bridging-Header.h */ = {isa = PBXFileReference; fileEncoding = 4; lastKnownFileType = sourcecode.c.h; path = "Bridging-Header.h"; sourceTree = "<group>"; };
		F23106B0244043E7B40C576C /* BLE.m */ = {isa = PBXFileReference; explicitFileType = undefined; fileEncoding = 4; includeInIndex = 0; lastKnownFileType = sourcecode.c.objc; name = BLE.m; path = "cordova-plugin-bluetooth-serial/BluetoothSerial/BLE.m"; sourceTree = "<group>"; };
		F840E1F0165FE0F500CFE078 /* config.xml */ = {isa = PBXFileReference; lastKnownFileType = text.xml; name = config.xml; path = WearON/config.xml; sourceTree = "<group>"; };
		FA977F00397245B7B4493103 /* CDVVibration.m */ = {isa = PBXFileReference; explicitFileType = undefined; fileEncoding = 4; includeInIndex = 0; lastKnownFileType = sourcecode.c.objc; name = CDVVibration.m; path = "cordova-plugin-vibration/CDVVibration.m"; sourceTree = "<group>"; };
		FCE618CFCD4940C2904A9550 /* AddressBookUI.framework */ = {isa = PBXFileReference; explicitFileType = undefined; fileEncoding = 9; includeInIndex = 0; lastKnownFileType = wrapper.framework; name = AddressBookUI.framework; path = System/Library/Frameworks/AddressBookUI.framework; sourceTree = SDKROOT; };
		FEAEEF8A286247E2AC7A8B7A /* CDVLocalFilesystem.m */ = {isa = PBXFileReference; explicitFileType = undefined; fileEncoding = 4; includeInIndex = 0; lastKnownFileType = sourcecode.c.objc; name = CDVLocalFilesystem.m; path = "cordova-plugin-file/CDVLocalFilesystem.m"; sourceTree = "<group>"; };
/* End PBXFileReference section */

/* Begin PBXFrameworksBuildPhase section */
		1D60588F0D05DD3D006BFB54 /* Frameworks */ = {
			isa = PBXFrameworksBuildPhase;
			buildActionMask = 2147483647;
			files = (
				301BF552109A68D80062928A /* libCordova.a in Frameworks */,
				C12F638AA58F4E5C83F4DA81 /* CoreBluetooth.framework in Frameworks */,
				1AC0981C6D5B42CF856B9E4F /* AddressBook.framework in Frameworks */,
				B7E4DF326262430BBD289225 /* AddressBookUI.framework in Frameworks */,
				A5F0D08526654592A179667D /* CoreMotion.framework in Frameworks */,
				870F9481DEC34269B998EAFB /* CoreLocation.framework in Frameworks */,
				B77140E3B20C4593BD67EEF4 /* AudioToolbox.framework in Frameworks */,
				6369DF50DB8F47A7B04CD339 /* SystemConfiguration.framework in Frameworks */,
				4453281028B04AD9B739DAFD /* CoreTelephony.framework in Frameworks */,
			);
			runOnlyForDeploymentPostprocessing = 0;
		};
/* End PBXFrameworksBuildPhase section */

/* Begin PBXGroup section */
		080E96DDFE201D6D7F000001 /* Classes */ = {
			isa = PBXGroup;
			children = (
				302D95EE14D2391D003F00A1 /* MainViewController.h */,
				302D95EF14D2391D003F00A1 /* MainViewController.m */,
				302D95F014D2391D003F00A1 /* MainViewController.xib */,
				1D3623240D0F684500981E51 /* AppDelegate.h */,
				1D3623250D0F684500981E51 /* AppDelegate.m */,
			);
			name = Classes;
			path = WearON/Classes;
			sourceTree = SOURCE_ROOT;
		};
		19C28FACFE9D520D11CA2CBB /* Products */ = {
			isa = PBXGroup;
			children = (
				1D6058910D05DD3D006BFB54 /* WearON.app */,
			);
			name = Products;
			sourceTree = "<group>";
		};
		29B97314FDCFA39411CA2CEA /* CustomTemplate */ = {
			isa = PBXGroup;
			children = (
				EB87FDF41871DAF40020F90C /* config.xml */,
				EB87FDF31871DA8E0020F90C /* www */,
				EB87FDF11871DA420020F90C /* Staging */,
				301BF52D109A57CC0062928A /* CordovaLib.xcodeproj */,
				080E96DDFE201D6D7F000001 /* Classes */,
				307C750510C5A3420062BCA9 /* Plugins */,
				29B97315FDCFA39411CA2CEA /* Other Sources */,
				29B97317FDCFA39411CA2CEA /* Resources */,
				29B97323FDCFA39411CA2CEA /* Frameworks */,
				19C28FACFE9D520D11CA2CBB /* Products */,
			);
			name = CustomTemplate;
			sourceTree = "<group>";
		};
		29B97315FDCFA39411CA2CEA /* Other Sources */ = {
			isa = PBXGroup;
			children = (
				32CA4F630368D1EE00C91783 /* WearON-Prefix.pch */,
				29B97316FDCFA39411CA2CEA /* main.m */,
				ED33DF2A687741AEAF9F8254 /* Bridging-Header.h */,
			);
			name = "Other Sources";
			path = WearON;
			sourceTree = "<group>";
		};
		29B97317FDCFA39411CA2CEA /* Resources */ = {
			isa = PBXGroup;
			children = (
				0207DA571B56EA530066E2B4 /* Images.xcassets */,
				3047A50E1AB8057F00498E2A /* config */,
				8D1107310486CEB800E47090 /* WearON-Info.plist */,
				57C02D6D1C5845F79F088393 /* appbeep.wav */,
				1AC5B6D5D3BB472BB6EEF128 /* CDVNotification.bundle */,
			);
			name = Resources;
			path = WearON/Resources;
			sourceTree = "<group>";
		};
		29B97323FDCFA39411CA2CEA /* Frameworks */ = {
			isa = PBXGroup;
			children = (
				611D27040BA446DDACE42F44 /* CoreBluetooth.framework */,
				8DA3133045ED46B2937B33AA /* AddressBook.framework */,
				FCE618CFCD4940C2904A9550 /* AddressBookUI.framework */,
				2C76395C071945FB8DA13944 /* CoreMotion.framework */,
				6EFA71E7D01A4419B526884C /* CoreLocation.framework */,
				B3F288251B994AC198C4E47C /* AudioToolbox.framework */,
				17A80CBFA4764B04830960B8 /* SystemConfiguration.framework */,
				5D3AD2E14E8242A3B8381F9B /* CoreTelephony.framework */,
			);
			name = Frameworks;
			sourceTree = "<group>";
		};
		301BF52E109A57CC0062928A /* Products */ = {
			isa = PBXGroup;
			children = (
				301BF535109A57CC0062928A /* libCordova.a */,
			);
			name = Products;
			sourceTree = "<group>";
		};
		3047A50E1AB8057F00498E2A /* config */ = {
			isa = PBXGroup;
			children = (
				3047A50F1AB8059700498E2A /* build-debug.xcconfig */,
				3047A5101AB8059700498E2A /* build-release.xcconfig */,
				3047A5111AB8059700498E2A /* build.xcconfig */,
			);
			name = config;
			sourceTree = "<group>";
		};
		307C750510C5A3420062BCA9 /* Plugins */ = {
			isa = PBXGroup;
			children = (
				79C451F539384F7BB569E150 /* EVOBLE.m */,
				11C2F5D282E14B139F6AACB0 /* EVOBLE.h */,
				0A757F4E89B84280898F8301 /* MEGBluetoothSerial.m */,
				13E3C9459EAD4666914A16F9 /* CBPeripheral+BTSExtensions.m */,
				F23106B0244043E7B40C576C /* BLE.m */,
				BBA70BF1A76043AF9E80B476 /* MEGBluetoothSerial.h */,
				91B7F1D3D1A34D8CACB3585E /* CBPeripheral+BTSExtensions.h */,
				10EA7AE67A0249F9BCA4FEC3 /* BLE.h */,
				6823F6B016184BA29DC29B5D /* BLEDefines.h */,
				350B63905AB544F5991E3B56 /* CDVLocation.m */,
				1FBAE012F17D4925855D8B64 /* CDVLocation.h */,
				A44A1BB527D849AF9F1DF2D1 /* CDVConnection.m */,
				C9661AC73C784A51B6DE819D /* CDVReachability.m */,
				C9B117BE63C446E5879864CB /* CDVConnection.h */,
				6C750030EB1D4F0789D3DB92 /* CDVReachability.h */,
				FA977F00397245B7B4493103 /* CDVVibration.m */,
				5236EEA5936248C9AEA81F2E /* CDVVibration.h */,
				09F488691F944CCFA57C3109 /* Diagnostic.m */,
				5BAAD215E26B4813944E66BC /* Diagnostic.h */,
				76D31971479F4DCA8CEE480B /* AppDelegate+APPRegisterUserNotificationSettings.m */,
				216FC105B1884870B9BE3059 /* AppDelegate+APPRegisterUserNotificationSettings.h */,
				82A0825E59DF408C84242A24 /* APPBackgroundMode.m */,
				C8BA2B734E834B68B9EE7AA5 /* APPBackgroundMode.h */,
				3D8C319EB6264149A5F405A3 /* CDVDevice.m */,
				8FAF596F02BC451E86577360 /* CDVDevice.h */,
				39A58EC8DF8646D395E5F215 /* CDVBattery.m */,
				5819836EB4EC45E38A94C2DC /* CDVBattery.h */,
				C24555AE90494467B927ED43 /* CDVLogger.m */,
				BAA0E1B742414CB69D46DF16 /* CDVLogger.h */,
				E81E55B729E247E88CEE62A9 /* CDVContacts.m */,
				5FE97DE02ED1461C846975E0 /* CDVContact.m */,
				A4E3E74BD09D44BDB8DC6448 /* CDVContacts.h */,
				C45BB9D5C83249B58FCE2D3D /* CDVContact.h */,
				8BECC284FC2C4DB7B9D4F8F7 /* CDVAccelerometer.m */,
				5F07B0AF6815430EA68FEE23 /* CDVAccelerometer.h */,
				7353D192B79F48B2B01A6CDD /* CDVCompass.m */,
				53186CD2F7B945058C2D3285 /* CDVCompass.h */,
				C4EBDABE64F0458B984A5E13 /* CDVNotification.m */,
				121437565A3543839A454C79 /* CDVNotification.h */,
				E084D8CE24374BC1A153C400 /* CDVFile.m */,
				FEAEEF8A286247E2AC7A8B7A /* CDVLocalFilesystem.m */,
				E630CEA8811A499299430CE5 /* CDVAssetLibraryFilesystem.m */,
				B1FC960A39E34BA39F0E306B /* CDVFile.h */,
				244A918BF7F3479D91B839AB /* CDVLocalFilesystem.h */,
				DA0FB222DF714D44B0627867 /* CDVAssetLibraryFilesystem.h */,
				A5BAC8FEAE8844FCB7B292A3 /* CDVFileTransfer.m */,
				66A7C2A2F73944DA84A67E3E /* CDVFileTransfer.h */,
				1725F4A707FB424BBC0021E3 /* CDVGlobalization.m */,
				504E265B1E3B47FA9B9EF9F0 /* CDVGlobalization.h */,
			);
			name = Plugins;
			path = WearON/Plugins;
			sourceTree = SOURCE_ROOT;
		};
		EB87FDF11871DA420020F90C /* Staging */ = {
			isa = PBXGroup;
			children = (
				F840E1F0165FE0F500CFE078 /* config.xml */,
				301BF56E109A69640062928A /* www */,
			);
			name = Staging;
			sourceTree = "<group>";
		};
/* End PBXGroup section */

/* Begin PBXNativeTarget section */
		1D6058900D05DD3D006BFB54 /* WearON */ = {
			isa = PBXNativeTarget;
			buildConfigurationList = 1D6058960D05DD3E006BFB54 /* Build configuration list for PBXNativeTarget "WearON" */;
			buildPhases = (
				304B58A110DAC018002A0835 /* Copy www directory */,
				1D60588D0D05DD3D006BFB54 /* Resources */,
				1D60588E0D05DD3D006BFB54 /* Sources */,
				1D60588F0D05DD3D006BFB54 /* Frameworks */,
			);
			buildRules = (
			);
			dependencies = (
				301BF551109A68C00062928A /* PBXTargetDependency */,
			);
			name = WearON;
			productName = WearON;
			productReference = 1D6058910D05DD3D006BFB54 /* WearON.app */;
			productType = "com.apple.product-type.application";
		};
/* End PBXNativeTarget section */

/* Begin PBXProject section */
		29B97313FDCFA39411CA2CEA /* Project object */ = {
			isa = PBXProject;
			attributes = {
				LastUpgradeCheck = 510;
				TargetAttributes = {
					1D6058900D05DD3D006BFB54 = {
						DevelopmentTeam = 7SDXSCKXRT;
					};
				};
			};
			buildConfigurationList = C01FCF4E08A954540054247B /* Build configuration list for PBXProject "WearON" */;
			compatibilityVersion = "Xcode 3.2";
			developmentRegion = English;
			hasScannedForEncodings = 1;
			knownRegions = (
				en,
			);
			mainGroup = 29B97314FDCFA39411CA2CEA /* CustomTemplate */;
			projectDirPath = "";
			projectReferences = (
				{
					ProductGroup = 301BF52E109A57CC0062928A /* Products */;
					ProjectRef = 301BF52D109A57CC0062928A /* CordovaLib.xcodeproj */;
				},
			);
			projectRoot = "";
			targets = (
				1D6058900D05DD3D006BFB54 /* WearON */,
			);
		};
/* End PBXProject section */

/* Begin PBXReferenceProxy section */
		301BF535109A57CC0062928A /* libCordova.a */ = {
			isa = PBXReferenceProxy;
			fileType = archive.ar;
			path = libCordova.a;
			remoteRef = 301BF534109A57CC0062928A /* PBXContainerItemProxy */;
			sourceTree = BUILT_PRODUCTS_DIR;
		};
/* End PBXReferenceProxy section */

/* Begin PBXResourcesBuildPhase section */
		1D60588D0D05DD3D006BFB54 /* Resources */ = {
			isa = PBXResourcesBuildPhase;
			buildActionMask = 2147483647;
			files = (
				302D95F214D2391D003F00A1 /* MainViewController.xib in Resources */,
				0207DA581B56EA530066E2B4 /* Images.xcassets in Resources */,
				1166D4462221414F832E38F1 /* appbeep.wav in Resources */,
				FF84B423BEAC43C38416924C /* CDVNotification.bundle in Resources */,
			);
			runOnlyForDeploymentPostprocessing = 0;
		};
/* End PBXResourcesBuildPhase section */

/* Begin PBXShellScriptBuildPhase section */
		304B58A110DAC018002A0835 /* Copy www directory */ = {
			isa = PBXShellScriptBuildPhase;
			buildActionMask = 2147483647;
			files = (
			);
			inputPaths = (
			);
			name = "Copy www directory";
			outputPaths = (
			);
			runOnlyForDeploymentPostprocessing = 0;
			shellPath = /bin/sh;
			shellScript = "NODEJS_PATH=/usr/local/bin; NVM_NODE_PATH=~/.nvm/versions/node/`nvm version 2>/dev/null`/bin; N_NODE_PATH=`find /usr/local/n/versions/node/* -maxdepth 0 -type d 2>/dev/null | tail -1`/bin; XCODE_NODE_PATH=`xcode-select --print-path`/usr/share/xcs/Node/bin; PATH=$NODEJS_PATH:$NVM_NODE_PATH:$N_NODE_PATH:$XCODE_NODE_PATH:$PATH && node cordova/lib/copy-www-build-step.js";
			showEnvVarsInLog = 0;
		};
/* End PBXShellScriptBuildPhase section */

/* Begin PBXSourcesBuildPhase section */
		1D60588E0D05DD3D006BFB54 /* Sources */ = {
			isa = PBXSourcesBuildPhase;
			buildActionMask = 2147483647;
			files = (
				1D60589B0D05DD56006BFB54 /* main.m in Sources */,
				1D3623260D0F684500981E51 /* AppDelegate.m in Sources */,
				302D95F114D2391D003F00A1 /* MainViewController.m in Sources */,
				65C5AF57B4BC4C898A802349 /* EVOBLE.m in Sources */,
				F5CFBECA45FF479299C7D7FF /* MEGBluetoothSerial.m in Sources */,
				FD29330A0B154F7899742C87 /* CBPeripheral+BTSExtensions.m in Sources */,
				7E3CA9A00B2647268D20B4D6 /* BLE.m in Sources */,
				44BAAD4F66A84C3B97E1C86F /* CDVLocation.m in Sources */,
				F238595EBCF54C6F988F92E3 /* CDVConnection.m in Sources */,
				B1103B21584944D68DDAD9BB /* CDVReachability.m in Sources */,
				81F311773997469AA53174A2 /* CDVVibration.m in Sources */,
				DDE92962C2FF445F89A1586B /* Diagnostic.m in Sources */,
				42FA2C53C7FC41FAA64AC987 /* AppDelegate+APPRegisterUserNotificationSettings.m in Sources */,
				AB516C9D0C1044A383886086 /* APPBackgroundMode.m in Sources */,
				913F402D6C4243D58E0C4E00 /* CDVDevice.m in Sources */,
				2D444B7DB444448D825DA53C /* CDVBattery.m in Sources */,
				5A97AB23C7B342418CC517C9 /* CDVLogger.m in Sources */,
				48C26667E58A483A9CD0B51A /* CDVContacts.m in Sources */,
				0C66C44A21934C67A610AB35 /* CDVContact.m in Sources */,
				B2E44282D44E496FB14433DA /* CDVAccelerometer.m in Sources */,
				511204B79F934DDD90DF0D6E /* CDVCompass.m in Sources */,
				D415BB2426924139AD7EA928 /* CDVNotification.m in Sources */,
				3017955003C043F2BF4376E4 /* CDVFile.m in Sources */,
				EB529A843CC24422BDF863AC /* CDVLocalFilesystem.m in Sources */,
				6EEEA27A963A4AA6B28BCA1F /* CDVAssetLibraryFilesystem.m in Sources */,
				CEAD232CCC954453B1095D0D /* CDVFileTransfer.m in Sources */,
				324F21368A094232A138E125 /* CDVGlobalization.m in Sources */,
			);
			runOnlyForDeploymentPostprocessing = 0;
		};
/* End PBXSourcesBuildPhase section */

/* Begin PBXTargetDependency section */
		301BF551109A68C00062928A /* PBXTargetDependency */ = {
			isa = PBXTargetDependency;
			name = CordovaLib;
			targetProxy = 301BF550109A68C00062928A /* PBXContainerItemProxy */;
		};
/* End PBXTargetDependency section */

/* Begin XCBuildConfiguration section */
		1D6058940D05DD3E006BFB54 /* Debug */ = {
			isa = XCBuildConfiguration;
			baseConfigurationReference = 3047A50F1AB8059700498E2A /* build-debug.xcconfig */;
			buildSettings = {
				ALWAYS_SEARCH_USER_PATHS = NO;
				ASSETCATALOG_COMPILER_APPICON_NAME = AppIcon;
				ASSETCATALOG_COMPILER_LAUNCHIMAGE_NAME = LaunchImage;
				CLANG_ENABLE_MODULES = YES;
				CLANG_ENABLE_OBJC_ARC = YES;
				COPY_PHASE_STRIP = NO;
				DEVELOPMENT_TEAM = 7SDXSCKXRT;
				GCC_DYNAMIC_NO_PIC = NO;
				GCC_OPTIMIZATION_LEVEL = 0;
				GCC_PRECOMPILE_PREFIX_HEADER = YES;
				GCC_PREFIX_HEADER = "WearON/WearON-Prefix.pch";
				GCC_THUMB_SUPPORT = NO;
				GCC_VERSION = "";
				INFOPLIST_FILE = "WearON/WearON-Info.plist";
				LD_RUNPATH_SEARCH_PATHS = "@executable_path/Frameworks";
				PRODUCT_NAME = WearON;
			};
			name = Debug;
		};
		1D6058950D05DD3E006BFB54 /* Release */ = {
			isa = XCBuildConfiguration;
			baseConfigurationReference = 3047A5101AB8059700498E2A /* build-release.xcconfig */;
			buildSettings = {
				ALWAYS_SEARCH_USER_PATHS = NO;
				ASSETCATALOG_COMPILER_APPICON_NAME = AppIcon;
				ASSETCATALOG_COMPILER_LAUNCHIMAGE_NAME = LaunchImage;
				CLANG_ENABLE_MODULES = YES;
				CLANG_ENABLE_OBJC_ARC = YES;
				COPY_PHASE_STRIP = YES;
				DEVELOPMENT_TEAM = 7SDXSCKXRT;
				GCC_PRECOMPILE_PREFIX_HEADER = YES;
				GCC_PREFIX_HEADER = "WearON/WearON-Prefix.pch";
				GCC_THUMB_SUPPORT = NO;
				GCC_VERSION = "";
				INFOPLIST_FILE = "WearON/WearON-Info.plist";
				PRODUCT_NAME = WearON;
			};
			name = Release;
		};
		C01FCF4F08A954540054247B /* Debug */ = {
			isa = XCBuildConfiguration;
			baseConfigurationReference = 3047A5111AB8059700498E2A /* build.xcconfig */;
			buildSettings = {
				CLANG_ENABLE_MODULES = YES;
				CLANG_ENABLE_OBJC_ARC = YES;
				CLANG_WARN_BOOL_CONVERSION = YES;
				CLANG_WARN_CONSTANT_CONVERSION = YES;
				CLANG_WARN_EMPTY_BODY = YES;
				CLANG_WARN_ENUM_CONVERSION = YES;
				CLANG_WARN_INT_CONVERSION = YES;
				CLANG_WARN__DUPLICATE_METHOD_MATCH = YES;
				GCC_C_LANGUAGE_STANDARD = c99;
				GCC_THUMB_SUPPORT = NO;
				GCC_VERSION = "";
				GCC_WARN_ABOUT_RETURN_TYPE = YES;
				GCC_WARN_UNDECLARED_SELECTOR = YES;
				GCC_WARN_UNINITIALIZED_AUTOS = YES;
				GCC_WARN_UNUSED_FUNCTION = YES;
				GCC_WARN_UNUSED_VARIABLE = YES;
				ONLY_ACTIVE_ARCH = YES;
				SDKROOT = iphoneos;
				SKIP_INSTALL = NO;
			};
			name = Debug;
		};
		C01FCF5008A954540054247B /* Release */ = {
			isa = XCBuildConfiguration;
			baseConfigurationReference = 3047A5111AB8059700498E2A /* build.xcconfig */;
			buildSettings = {
				CLANG_ENABLE_MODULES = YES;
				CLANG_ENABLE_OBJC_ARC = YES;
				CLANG_WARN_BOOL_CONVERSION = YES;
				CLANG_WARN_CONSTANT_CONVERSION = YES;
				CLANG_WARN_EMPTY_BODY = YES;
				CLANG_WARN_ENUM_CONVERSION = YES;
				CLANG_WARN_INT_CONVERSION = YES;
				CLANG_WARN__DUPLICATE_METHOD_MATCH = YES;
				GCC_C_LANGUAGE_STANDARD = c99;
				GCC_THUMB_SUPPORT = NO;
				GCC_VERSION = "";
				GCC_WARN_ABOUT_RETURN_TYPE = YES;
				GCC_WARN_UNDECLARED_SELECTOR = YES;
				GCC_WARN_UNINITIALIZED_AUTOS = YES;
				GCC_WARN_UNUSED_FUNCTION = YES;
				GCC_WARN_UNUSED_VARIABLE = YES;
				SDKROOT = iphoneos;
				SKIP_INSTALL = NO;
			};
			name = Release;
		};
/* End XCBuildConfiguration section */

/* Begin XCConfigurationList section */
		1D6058960D05DD3E006BFB54 /* Build configuration list for PBXNativeTarget "WearON" */ = {
			isa = XCConfigurationList;
			buildConfigurations = (
				1D6058940D05DD3E006BFB54 /* Debug */,
				1D6058950D05DD3E006BFB54 /* Release */,
			);
			defaultConfigurationIsVisible = 0;
			defaultConfigurationName = Release;
		};
		C01FCF4E08A954540054247B /* Build configuration list for PBXProject "WearON" */ = {
			isa = XCConfigurationList;
			buildConfigurations = (
				C01FCF4F08A954540054247B /* Debug */,
				C01FCF5008A954540054247B /* Release */,
			);
			defaultConfigurationIsVisible = 0;
			defaultConfigurationName = Release;
		};
/* End XCConfigurationList section */
	};
	rootObject = 29B97313FDCFA39411CA2CEA /* Project object */;
}
